
Microsoft Visual Studio Solution File, Format Version 12.00
# Visual Studio Version 17
VisualStudioVersion = 17.5.33530.505
MinimumVisualStudioVersion = 10.0.40219.1
Project("{8BC9CEB8-8B4A-11D0-8D11-00A0C91BC942}") = "SJ2Experiments", "SJ2Experiments\SJ2Experiments.vcxproj", "{80CAC91E-00DB-4622-A271-0E2AC6E09305}"
EndProject
Project("{8BC9CEB8-8B4A-11D0-8D11-00A0C91BC942}") = "Injector", "Injector\Injector.vcxproj", "{58780666-A09C-46BA-A633-752EB53CF2DB}"
EndProject
Global
	GlobalSection(SolutionConfigurationPlatforms) = preSolution
		Debug|Any CPU = Debug|Any CPU
		Debug|x64 = Debug|x64
		Debug|x86 = Debug|x86
		Release|Any CPU = Release|Any CPU
		Release|x64 = Release|x64
		Release|x86 = Release|x86
	EndGlobalSection
	GlobalSection(ProjectConfigurationPlatforms) = postSolution
		{80CAC91E-00DB-4622-A271-0E2AC6E09305}.Debug|Any CPU.ActiveCfg = Debug|x64
		{80CAC91E-00DB-4622-A271-0E2AC6E09305}.Debug|Any CPU.Build.0 = Debug|x64
		{80CAC91E-00DB-4622-A271-0E2AC6E09305}.Debug|x64.ActiveCfg = Debug|x64
		{80CAC91E-00DB-4622-A271-0E2AC6E09305}.Debug|x64.Build.0 = Debug|x64
		{80CAC91E-00DB-4622-A271-0E2AC6E09305}.Debug|x86.ActiveCfg = Debug|Win32
		{80CAC91E-00DB-4622-A271-0E2AC6E09305}.Debug|x86.Build.0 = Debug|Win32
		{80CAC91E-00DB-4622-A271-0E2AC6E09305}.Release|Any CPU.ActiveCfg = Release|x64
		{80CAC91E-00DB-4622-A271-0E2AC6E09305}.Release|Any CPU.Build.0 = Release|x64
		{80CAC91E-00DB-4622-A271-0E2AC6E09305}.Release|x64.ActiveCfg = Release|x64
		{80CAC91E-00DB-4622-A271-0E2AC6E09305}.Release|x64.Build.0 = Release|x64
		{80CAC91E-00DB-4622-A271-0E2AC6E09305}.Release|x86.ActiveCfg = Release|Win32
		{80CAC91E-00DB-4622-A271-0E2AC6E09305}.Release|x86.Build.0 = Release|Win32
		{58780666-A09C-46BA-A633-752EB53CF2DB}.Debug|Any CPU.ActiveCfg = Debug|x64
		{58780666-A09C-46BA-A633-752EB53CF2DB}.Debug|Any CPU.Build.0 = Debug|x64
		{58780666-A09C-46BA-A633-752EB53CF2DB}.Debug|x64.ActiveCfg = Debug|x64
		{58780666-A09C-46BA-A633-752EB53CF2DB}.Debug|x64.Build.0 = Debug|x64
		{58780666-A09C-46BA-A633-752EB53CF2DB}.Debug|x86.ActiveCfg = Debug|Win32
		{58780666-A09C-46BA-A633-752EB53CF2DB}.Debug|x86.Build.0 = Debug|Win32
		{58780666-A09C-46BA-A633-752EB53CF2DB}.Release|Any CPU.ActiveCfg = Release|x64
		{58780666-A09C-46BA-A633-752EB53CF2DB}.Release|Any CPU.Build.0 = Release|x64
		{58780666-A09C-46BA-A633-752EB53CF2DB}.Release|x64.ActiveCfg = Release|x64
		{58780666-A09C-46BA-A633-752EB53CF2DB}.Release|x64.Build.0 = Release|x64
		{58780666-A09C-46BA-A633-752EB53CF2DB}.Release|x86.ActiveCfg = Release|Win32
		{58780666-A09C-46BA-A633-752EB53CF2DB}.Release|x86.Build.0 = Release|Win32
	EndGlobalSection
	GlobalSection(SolutionProperties) = preSolution
		HideSolutionNode = FALSE
	EndGlobalSection
	GlobalSection(ExtensibilityGlobals) = postSolution
		SolutionGuid = {BB0A851F-9235-44E0-9F59-35EADF4C6E27}
	EndGlobalSection
EndGlobal
